// !$*UTF8*$!
{
	archiveVersion = 1;
	classes = {
	};
	objectVersion = 46;
	objects = {

/* Begin PBXBuildFile section */
		A209F9EC1F5176F7009DE88D /* AppDelegate.swift in Sources */ = {isa = PBXBuildFile; fileRef = A209F9EB1F5176F7009DE88D /* AppDelegate.swift */; };
		A209F9EE1F5176F7009DE88D /* ViewController.swift in Sources */ = {isa = PBXBuildFile; fileRef = A209F9ED1F5176F7009DE88D /* ViewController.swift */; };
		A209F9F11F5176F7009DE88D /* Main.storyboard in Resources */ = {isa = PBXBuildFile; fileRef = A209F9EF1F5176F7009DE88D /* Main.storyboard */; };
		A209F9F31F5176F7009DE88D /* Assets.xcassets in Resources */ = {isa = PBXBuildFile; fileRef = A209F9F21F5176F7009DE88D /* Assets.xcassets */; };
		A209F9F61F5176F7009DE88D /* LaunchScreen.storyboard in Resources */ = {isa = PBXBuildFile; fileRef = A209F9F41F5176F7009DE88D /* LaunchScreen.storyboard */; };
		A209FA011F5176F7009DE88D /* SpenceTests.swift in Sources */ = {isa = PBXBuildFile; fileRef = A209FA001F5176F7009DE88D /* SpenceTests.swift */; };
		A209FA121F517778009DE88D /* NotificationCenter.framework in Frameworks */ = {isa = PBXBuildFile; fileRef = A209FA111F517778009DE88D /* NotificationCenter.framework */; };
		A209FA151F517778009DE88D /* TodayViewController.swift in Sources */ = {isa = PBXBuildFile; fileRef = A209FA141F517778009DE88D /* TodayViewController.swift */; };
		A209FA181F517778009DE88D /* MainInterface.storyboard in Resources */ = {isa = PBXBuildFile; fileRef = A209FA161F517778009DE88D /* MainInterface.storyboard */; };
		A209FA1C1F517778009DE88D /* SpenceWidget.appex in Embed App Extensions */ = {isa = PBXBuildFile; fileRef = A209FA0F1F517778009DE88D /* SpenceWidget.appex */; settings = {ATTRIBUTES = (RemoveHeadersOnCopy, ); }; };
		A209FA251F517B06009DE88D /* LocalRepository.swift in Sources */ = {isa = PBXBuildFile; fileRef = A209FA241F517B06009DE88D /* LocalRepository.swift */; };
		A209FA261F517C2B009DE88D /* LocalRepository.swift in Sources */ = {isa = PBXBuildFile; fileRef = A209FA241F517B06009DE88D /* LocalRepository.swift */; };
		A209FA291F517F31009DE88D /* LocalRepositoryTests.swift in Sources */ = {isa = PBXBuildFile; fileRef = A209FA281F517F31009DE88D /* LocalRepositoryTests.swift */; };
		A209FA2B1F518437009DE88D /* DateProvider.swift in Sources */ = {isa = PBXBuildFile; fileRef = A209FA2A1F518437009DE88D /* DateProvider.swift */; };
		A209FA2C1F5184E6009DE88D /* DateProvider.swift in Sources */ = {isa = PBXBuildFile; fileRef = A209FA2A1F518437009DE88D /* DateProvider.swift */; };
		A209FA2E1F518829009DE88D /* ProgressBar.swift in Sources */ = {isa = PBXBuildFile; fileRef = A209FA2D1F518829009DE88D /* ProgressBar.swift */; };
		A209FA301F51986F009DE88D /* UIColor+Spence.swift in Sources */ = {isa = PBXBuildFile; fileRef = A209FA2F1F51986F009DE88D /* UIColor+Spence.swift */; };
		A209FA311F519B13009DE88D /* UIColor+Spence.swift in Sources */ = {isa = PBXBuildFile; fileRef = A209FA2F1F51986F009DE88D /* UIColor+Spence.swift */; };
		A209FA331F519BF0009DE88D /* RoundButton.swift in Sources */ = {isa = PBXBuildFile; fileRef = A209FA321F519BF0009DE88D /* RoundButton.swift */; };
		A209FA351F519FF1009DE88D /* AmountQueue.swift in Sources */ = {isa = PBXBuildFile; fileRef = A209FA341F519FF1009DE88D /* AmountQueue.swift */; };
		A209FA391F51A5C0009DE88D /* QeueTimer.swift in Sources */ = {isa = PBXBuildFile; fileRef = A209FA381F51A5C0009DE88D /* QeueTimer.swift */; };
		A209FA3A1F51BB88009DE88D /* Assets.xcassets in Resources */ = {isa = PBXBuildFile; fileRef = A209F9F21F5176F7009DE88D /* Assets.xcassets */; };
		A23AC9211FA4735200CC0352 /* ExpenseListSectionViewModelFactoryTests.swift in Sources */ = {isa = PBXBuildFile; fileRef = A23AC9201FA4735200CC0352 /* ExpenseListSectionViewModelFactoryTests.swift */; };
		A23AC9241FA475B600CC0352 /* NSLayoutConstraint+Spence.swift in Sources */ = {isa = PBXBuildFile; fileRef = A23AC9231FA475B600CC0352 /* NSLayoutConstraint+Spence.swift */; };
		A23AC9261FA475DF00CC0352 /* UIView+Spence.swift in Sources */ = {isa = PBXBuildFile; fileRef = A23AC9251FA475DF00CC0352 /* UIView+Spence.swift */; };
		A23AC9271FA4760E00CC0352 /* UIView+Spence.swift in Sources */ = {isa = PBXBuildFile; fileRef = A23AC9251FA475DF00CC0352 /* UIView+Spence.swift */; };
		A23AC9281FA4761100CC0352 /* NSLayoutConstraint+Spence.swift in Sources */ = {isa = PBXBuildFile; fileRef = A23AC9231FA475B600CC0352 /* NSLayoutConstraint+Spence.swift */; };
		A23AC92A1FA4764300CC0352 /* Int+Spence.swift in Sources */ = {isa = PBXBuildFile; fileRef = A23AC9291FA4764300CC0352 /* Int+Spence.swift */; };
		A23AC92B1FA4764300CC0352 /* Int+Spence.swift in Sources */ = {isa = PBXBuildFile; fileRef = A23AC9291FA4764300CC0352 /* Int+Spence.swift */; };
		A23AC92C1FA4764300CC0352 /* Int+Spence.swift in Sources */ = {isa = PBXBuildFile; fileRef = A23AC9291FA4764300CC0352 /* Int+Spence.swift */; };
		A247BDB41FA4D10B00AF62F5 /* CircleView.swift in Sources */ = {isa = PBXBuildFile; fileRef = A247BDB31FA4D10B00AF62F5 /* CircleView.swift */; };
		A247BDB61FA4D11F00AF62F5 /* CircularProgressBar.swift in Sources */ = {isa = PBXBuildFile; fileRef = A247BDB51FA4D11F00AF62F5 /* CircularProgressBar.swift */; };
		A247BDB81FA4D2E100AF62F5 /* OverviewWireframe.swift in Sources */ = {isa = PBXBuildFile; fileRef = A247BDB71FA4D2E100AF62F5 /* OverviewWireframe.swift */; };
		A247BDBA1FA4D96500AF62F5 /* CtaButton.swift in Sources */ = {isa = PBXBuildFile; fileRef = A247BDB91FA4D96500AF62F5 /* CtaButton.swift */; };
		A247BDBC1FA4E03100AF62F5 /* SpencePickerView.swift in Sources */ = {isa = PBXBuildFile; fileRef = A247BDBB1FA4E03100AF62F5 /* SpencePickerView.swift */; };
		A247BDBE1FA4E5E100AF62F5 /* BudgetOptionsProvider.swift in Sources */ = {isa = PBXBuildFile; fileRef = A247BDBD1FA4E5E100AF62F5 /* BudgetOptionsProvider.swift */; };
		A247BDC11FA4EA4D00AF62F5 /* BudgetOptionsViewModel.swift in Sources */ = {isa = PBXBuildFile; fileRef = A247BDC01FA4EA4D00AF62F5 /* BudgetOptionsViewModel.swift */; };
		A247BDC31FA4EA9100AF62F5 /* BudgetOptionsViewModelFactory.swift in Sources */ = {isa = PBXBuildFile; fileRef = A247BDC21FA4EA9100AF62F5 /* BudgetOptionsViewModelFactory.swift */; };
		A247BDC61FA4F0BD00AF62F5 /* HomeWireframe.swift in Sources */ = {isa = PBXBuildFile; fileRef = A247BDC51FA4F0BD00AF62F5 /* HomeWireframe.swift */; };
		A247BDC91FA4F13A00AF62F5 /* HomeViewController.swift in Sources */ = {isa = PBXBuildFile; fileRef = A247BDC81FA4F13A00AF62F5 /* HomeViewController.swift */; };
		A247BDCE1FA4FD3700AF62F5 /* ExpenseListItemCell.swift in Sources */ = {isa = PBXBuildFile; fileRef = A247BDCC1FA4FD3700AF62F5 /* ExpenseListItemCell.swift */; };
		A247BDCF1FA4FD3700AF62F5 /* ExpenseListItemCell.xib in Resources */ = {isa = PBXBuildFile; fileRef = A247BDCD1FA4FD3700AF62F5 /* ExpenseListItemCell.xib */; };
		A247BDD21FA4FEC900AF62F5 /* SectionHeaderView.swift in Sources */ = {isa = PBXBuildFile; fileRef = A247BDD11FA4FEC900AF62F5 /* SectionHeaderView.swift */; };
		A247BDD41FA4FEE800AF62F5 /* SectionHeaderView.xib in Resources */ = {isa = PBXBuildFile; fileRef = A247BDD31FA4FEE800AF62F5 /* SectionHeaderView.xib */; };
		A24D911E1F5ABDE40036CBEA /* ExpenseButtonCell.swift in Sources */ = {isa = PBXBuildFile; fileRef = A24D911C1F5ABDE40036CBEA /* ExpenseButtonCell.swift */; };
		A24D911F1F5ABDE40036CBEA /* ExpenseButtonCell.xib in Resources */ = {isa = PBXBuildFile; fileRef = A24D911D1F5ABDE40036CBEA /* ExpenseButtonCell.xib */; };
		A24D91221F5ABF140036CBEA /* Section.swift in Sources */ = {isa = PBXBuildFile; fileRef = A24D91211F5ABF140036CBEA /* Section.swift */; };
		A24D91241F5AC2E00036CBEA /* ButtonAmount.swift in Sources */ = {isa = PBXBuildFile; fileRef = A24D91231F5AC2E00036CBEA /* ButtonAmount.swift */; };
		A24D91291F5ACB890036CBEA /* EnqueuedAmountCell.swift in Sources */ = {isa = PBXBuildFile; fileRef = A24D91271F5ACB890036CBEA /* EnqueuedAmountCell.swift */; };
		A24D912A1F5ACB890036CBEA /* EnqueuedAmountCell.xib in Resources */ = {isa = PBXBuildFile; fileRef = A24D91281F5ACB890036CBEA /* EnqueuedAmountCell.xib */; };
		A24D912C1F5AD0B90036CBEA /* CellType.swift in Sources */ = {isa = PBXBuildFile; fileRef = A24D912B1F5AD0B90036CBEA /* CellType.swift */; };
		A24D912E1F5AD0F00036CBEA /* ViewModel.swift in Sources */ = {isa = PBXBuildFile; fileRef = A24D912D1F5AD0F00036CBEA /* ViewModel.swift */; };
		A24D91371F5ADC1F0036CBEA /* ProgressBarCell.swift in Sources */ = {isa = PBXBuildFile; fileRef = A24D91351F5ADC1F0036CBEA /* ProgressBarCell.swift */; };
		A24D91381F5ADC1F0036CBEA /* ProgressBarCell.xib in Resources */ = {isa = PBXBuildFile; fileRef = A24D91361F5ADC1F0036CBEA /* ProgressBarCell.xib */; };
		A24D913D1F5AEC700036CBEA /* CancelButton.swift in Sources */ = {isa = PBXBuildFile; fileRef = A24D913C1F5AEC700036CBEA /* CancelButton.swift */; };
		A24D91431F5B092C0036CBEA /* DailyExpensesCell.swift in Sources */ = {isa = PBXBuildFile; fileRef = A24D91411F5B092C0036CBEA /* DailyExpensesCell.swift */; };
		A24D91441F5B092C0036CBEA /* DailyExpensesCell.xib in Resources */ = {isa = PBXBuildFile; fileRef = A24D91421F5B092C0036CBEA /* DailyExpensesCell.xib */; };
		A24D91471F5DC2930036CBEA /* Expense.swift in Sources */ = {isa = PBXBuildFile; fileRef = A24D91461F5DC2930036CBEA /* Expense.swift */; };
		A24D91481F5DC2EF0036CBEA /* Expense.swift in Sources */ = {isa = PBXBuildFile; fileRef = A24D91461F5DC2930036CBEA /* Expense.swift */; };
		A24D914A1F5DC3080036CBEA /* Currency.swift in Sources */ = {isa = PBXBuildFile; fileRef = A24D91491F5DC3080036CBEA /* Currency.swift */; };
		A24D914B1F5DC3BB0036CBEA /* Currency.swift in Sources */ = {isa = PBXBuildFile; fileRef = A24D91491F5DC3080036CBEA /* Currency.swift */; };
		A24D91571F5DC6AE0036CBEA /* ExpenseListViewController.swift in Sources */ = {isa = PBXBuildFile; fileRef = A24D91561F5DC6AE0036CBEA /* ExpenseListViewController.swift */; };
		A24D91591F5DC6BB0036CBEA /* ExpenseListPresenter.swift in Sources */ = {isa = PBXBuildFile; fileRef = A24D91581F5DC6BB0036CBEA /* ExpenseListPresenter.swift */; };
		A24D915C1F5DC8530036CBEA /* ExpenseListItemViewModel.swift in Sources */ = {isa = PBXBuildFile; fileRef = A24D915B1F5DC8530036CBEA /* ExpenseListItemViewModel.swift */; };
		A24D915E1F5DC8820036CBEA /* ExpenseListViewModel.swift in Sources */ = {isa = PBXBuildFile; fileRef = A24D915D1F5DC8820036CBEA /* ExpenseListViewModel.swift */; };
		A24D91601F5DC8940036CBEA /* ExpenseListSectionViewModel.swift in Sources */ = {isa = PBXBuildFile; fileRef = A24D915F1F5DC8940036CBEA /* ExpenseListSectionViewModel.swift */; };
		A24E6BD31FA4770F00116E44 /* Date+Spence.swift in Sources */ = {isa = PBXBuildFile; fileRef = A24E6BD21FA4770F00116E44 /* Date+Spence.swift */; };
		A24E6BD41FA4770F00116E44 /* Date+Spence.swift in Sources */ = {isa = PBXBuildFile; fileRef = A24E6BD21FA4770F00116E44 /* Date+Spence.swift */; };
		A24E6BD51FA4770F00116E44 /* Date+Spence.swift in Sources */ = {isa = PBXBuildFile; fileRef = A24E6BD21FA4770F00116E44 /* Date+Spence.swift */; };
		A24E6BD61FA4773800116E44 /* UIView+Spence.swift in Sources */ = {isa = PBXBuildFile; fileRef = A23AC9251FA475DF00CC0352 /* UIView+Spence.swift */; };
		A24E6BD71FA4773A00116E44 /* NSLayoutConstraint+Spence.swift in Sources */ = {isa = PBXBuildFile; fileRef = A23AC9231FA475B600CC0352 /* NSLayoutConstraint+Spence.swift */; };
		A24E6BD81FA4773D00116E44 /* UIColor+Spence.swift in Sources */ = {isa = PBXBuildFile; fileRef = A209FA2F1F51986F009DE88D /* UIColor+Spence.swift */; };
		A24E6BDB1FA47CD600116E44 /* ExpenseListItemFactoryTests.swift in Sources */ = {isa = PBXBuildFile; fileRef = A24E6BDA1FA47CD600116E44 /* ExpenseListItemFactoryTests.swift */; };
		A24E6BDD1FA4899900116E44 /* ExpenseListWireframe.swift in Sources */ = {isa = PBXBuildFile; fileRef = A24E6BDC1FA4899900116E44 /* ExpenseListWireframe.swift */; };
		A24E6BE11FA48AA700116E44 /* UIViewController+Spence.swift in Sources */ = {isa = PBXBuildFile; fileRef = A24E6BE01FA48AA700116E44 /* UIViewController+Spence.swift */; };
		A24E6BE21FA48AA700116E44 /* UIViewController+Spence.swift in Sources */ = {isa = PBXBuildFile; fileRef = A24E6BE01FA48AA700116E44 /* UIViewController+Spence.swift */; };
		A24E6BE31FA48AA700116E44 /* UIViewController+Spence.swift in Sources */ = {isa = PBXBuildFile; fileRef = A24E6BE01FA48AA700116E44 /* UIViewController+Spence.swift */; };
		A24E6BE51FA4902400116E44 /* ExpenseListInteractorTests.swift in Sources */ = {isa = PBXBuildFile; fileRef = A24E6BE41FA4902400116E44 /* ExpenseListInteractorTests.swift */; };
		A2670ACA1F95121900E3F338 /* ExpenseListPresenterTests.swift in Sources */ = {isa = PBXBuildFile; fileRef = A2670AC91F95121900E3F338 /* ExpenseListPresenterTests.swift */; };
		A2670ACC1F9514F400E3F338 /* ExpenseListInteractor.swift in Sources */ = {isa = PBXBuildFile; fileRef = A2670ACB1F9514F400E3F338 /* ExpenseListInteractor.swift */; };
		A2670AD11F95239E00E3F338 /* ExpenseListItemViewModelFactory.swift in Sources */ = {isa = PBXBuildFile; fileRef = A2670AD01F95239E00E3F338 /* ExpenseListItemViewModelFactory.swift */; };
		A2670AD31F95256700E3F338 /* ExpenseListSectionViewModelFactory.swift in Sources */ = {isa = PBXBuildFile; fileRef = A2670AD21F95256700E3F338 /* ExpenseListSectionViewModelFactory.swift */; };
		A2E85CA11FA4A9C800FE648E /* OverviewPresenter.swift in Sources */ = {isa = PBXBuildFile; fileRef = A2E85CA01FA4A9C800FE648E /* OverviewPresenter.swift */; };
		A2E85CA41FA4AA1100FE648E /* OverviewViewController.swift in Sources */ = {isa = PBXBuildFile; fileRef = A2E85CA31FA4AA1100FE648E /* OverviewViewController.swift */; };
		A2E85CA71FA4AAAF00FE648E /* OverviewPresenterTests.swift in Sources */ = {isa = PBXBuildFile; fileRef = A2E85CA61FA4AAAF00FE648E /* OverviewPresenterTests.swift */; };
		A2E85CAA1FA4ABFD00FE648E /* OverviewData.swift in Sources */ = {isa = PBXBuildFile; fileRef = A2E85CA91FA4ABFD00FE648E /* OverviewData.swift */; };
		A2E85CAC1FA4AC5200FE648E /* OverviewInteractor.swift in Sources */ = {isa = PBXBuildFile; fileRef = A2E85CAB1FA4AC5200FE648E /* OverviewInteractor.swift */; };
		A2E85CB11FA4AE9D00FE648E /* OverviewViewModel.swift in Sources */ = {isa = PBXBuildFile; fileRef = A2E85CB01FA4AE9D00FE648E /* OverviewViewModel.swift */; };
		A2E85CB31FA4AEAF00FE648E /* OverviewViewModelFactory.swift in Sources */ = {isa = PBXBuildFile; fileRef = A2E85CB21FA4AEAF00FE648E /* OverviewViewModelFactory.swift */; };
		A2E85CB81FA4AF5500FE648E /* OverviewViewModelFactoryTests.swift in Sources */ = {isa = PBXBuildFile; fileRef = A2E85CB71FA4AF5500FE648E /* OverviewViewModelFactoryTests.swift */; };
		A2E85CBA1FA4B76D00FE648E /* OverviewInteractorTests.swift in Sources */ = {isa = PBXBuildFile; fileRef = A2E85CB91FA4B76D00FE648E /* OverviewInteractorTests.swift */; };
		A2E85CBB1FA4BC2B00FE648E /* ProgressBar.swift in Sources */ = {isa = PBXBuildFile; fileRef = A209FA2D1F518829009DE88D /* ProgressBar.swift */; };
/* End PBXBuildFile section */

/* Begin PBXContainerItemProxy section */
		A209F9FD1F5176F7009DE88D /* PBXContainerItemProxy */ = {
			isa = PBXContainerItemProxy;
			containerPortal = A209F9E01F5176F7009DE88D /* Project object */;
			proxyType = 1;
			remoteGlobalIDString = A209F9E71F5176F7009DE88D;
			remoteInfo = Spence;
		};
		A209FA1A1F517778009DE88D /* PBXContainerItemProxy */ = {
			isa = PBXContainerItemProxy;
			containerPortal = A209F9E01F5176F7009DE88D /* Project object */;
			proxyType = 1;
			remoteGlobalIDString = A209FA0E1F517778009DE88D;
			remoteInfo = SpenceWidget;
		};
/* End PBXContainerItemProxy section */

/* Begin PBXCopyFilesBuildPhase section */
		A209FA201F517778009DE88D /* Embed App Extensions */ = {
			isa = PBXCopyFilesBuildPhase;
			buildActionMask = 2147483647;
			dstPath = "";
			dstSubfolderSpec = 13;
			files = (
				A209FA1C1F517778009DE88D /* SpenceWidget.appex in Embed App Extensions */,
			);
			name = "Embed App Extensions";
			runOnlyForDeploymentPostprocessing = 0;
		};
/* End PBXCopyFilesBuildPhase section */

/* Begin PBXFileReference section */
		A209F9E81F5176F7009DE88D /* Spence.app */ = {isa = PBXFileReference; explicitFileType = wrapper.application; includeInIndex = 0; path = Spence.app; sourceTree = BUILT_PRODUCTS_DIR; };
		A209F9EB1F5176F7009DE88D /* AppDelegate.swift */ = {isa = PBXFileReference; lastKnownFileType = sourcecode.swift; path = AppDelegate.swift; sourceTree = "<group>"; };
		A209F9ED1F5176F7009DE88D /* ViewController.swift */ = {isa = PBXFileReference; lastKnownFileType = sourcecode.swift; path = ViewController.swift; sourceTree = "<group>"; };
		A209F9F01F5176F7009DE88D /* Base */ = {isa = PBXFileReference; lastKnownFileType = file.storyboard; name = Base; path = Base.lproj/Main.storyboard; sourceTree = "<group>"; };
		A209F9F21F5176F7009DE88D /* Assets.xcassets */ = {isa = PBXFileReference; lastKnownFileType = folder.assetcatalog; path = Assets.xcassets; sourceTree = "<group>"; };
		A209F9F51F5176F7009DE88D /* Base */ = {isa = PBXFileReference; lastKnownFileType = file.storyboard; name = Base; path = Base.lproj/LaunchScreen.storyboard; sourceTree = "<group>"; };
		A209F9F71F5176F7009DE88D /* Info.plist */ = {isa = PBXFileReference; lastKnownFileType = text.plist.xml; path = Info.plist; sourceTree = "<group>"; };
		A209F9FC1F5176F7009DE88D /* SpenceTests.xctest */ = {isa = PBXFileReference; explicitFileType = wrapper.cfbundle; includeInIndex = 0; path = SpenceTests.xctest; sourceTree = BUILT_PRODUCTS_DIR; };
		A209FA001F5176F7009DE88D /* SpenceTests.swift */ = {isa = PBXFileReference; lastKnownFileType = sourcecode.swift; path = SpenceTests.swift; sourceTree = "<group>"; };
		A209FA021F5176F7009DE88D /* Info.plist */ = {isa = PBXFileReference; lastKnownFileType = text.plist.xml; path = Info.plist; sourceTree = "<group>"; };
		A209FA0F1F517778009DE88D /* SpenceWidget.appex */ = {isa = PBXFileReference; explicitFileType = "wrapper.app-extension"; includeInIndex = 0; path = SpenceWidget.appex; sourceTree = BUILT_PRODUCTS_DIR; };
		A209FA111F517778009DE88D /* NotificationCenter.framework */ = {isa = PBXFileReference; lastKnownFileType = wrapper.framework; name = NotificationCenter.framework; path = System/Library/Frameworks/NotificationCenter.framework; sourceTree = SDKROOT; };
		A209FA141F517778009DE88D /* TodayViewController.swift */ = {isa = PBXFileReference; lastKnownFileType = sourcecode.swift; path = TodayViewController.swift; sourceTree = "<group>"; };
		A209FA171F517778009DE88D /* Base */ = {isa = PBXFileReference; lastKnownFileType = file.storyboard; name = Base; path = Base.lproj/MainInterface.storyboard; sourceTree = "<group>"; };
		A209FA191F517778009DE88D /* Info.plist */ = {isa = PBXFileReference; lastKnownFileType = text.plist.xml; path = Info.plist; sourceTree = "<group>"; };
		A209FA211F517A53009DE88D /* SpenceWidget.entitlements */ = {isa = PBXFileReference; lastKnownFileType = text.plist.entitlements; path = SpenceWidget.entitlements; sourceTree = "<group>"; };
		A209FA221F517AA5009DE88D /* Spence.entitlements */ = {isa = PBXFileReference; lastKnownFileType = text.plist.entitlements; path = Spence.entitlements; sourceTree = "<group>"; };
		A209FA241F517B06009DE88D /* LocalRepository.swift */ = {isa = PBXFileReference; fileEncoding = 4; lastKnownFileType = sourcecode.swift; name = LocalRepository.swift; path = Repository/LocalRepository.swift; sourceTree = "<group>"; };
		A209FA281F517F31009DE88D /* LocalRepositoryTests.swift */ = {isa = PBXFileReference; fileEncoding = 4; lastKnownFileType = sourcecode.swift; name = LocalRepositoryTests.swift; path = Repository/LocalRepositoryTests.swift; sourceTree = "<group>"; };
		A209FA2A1F518437009DE88D /* DateProvider.swift */ = {isa = PBXFileReference; fileEncoding = 4; lastKnownFileType = sourcecode.swift; name = DateProvider.swift; path = Repository/DateProvider.swift; sourceTree = "<group>"; };
		A209FA2D1F518829009DE88D /* ProgressBar.swift */ = {isa = PBXFileReference; fileEncoding = 4; lastKnownFileType = sourcecode.swift; path = ProgressBar.swift; sourceTree = "<group>"; };
		A209FA2F1F51986F009DE88D /* UIColor+Spence.swift */ = {isa = PBXFileReference; fileEncoding = 4; lastKnownFileType = sourcecode.swift; path = "UIColor+Spence.swift"; sourceTree = "<group>"; };
		A209FA321F519BF0009DE88D /* RoundButton.swift */ = {isa = PBXFileReference; fileEncoding = 4; lastKnownFileType = sourcecode.swift; path = RoundButton.swift; sourceTree = "<group>"; };
		A209FA341F519FF1009DE88D /* AmountQueue.swift */ = {isa = PBXFileReference; fileEncoding = 4; lastKnownFileType = sourcecode.swift; path = AmountQueue.swift; sourceTree = "<group>"; };
		A209FA381F51A5C0009DE88D /* QeueTimer.swift */ = {isa = PBXFileReference; fileEncoding = 4; lastKnownFileType = sourcecode.swift; path = QeueTimer.swift; sourceTree = "<group>"; };
		A23AC9201FA4735200CC0352 /* ExpenseListSectionViewModelFactoryTests.swift */ = {isa = PBXFileReference; lastKnownFileType = sourcecode.swift; name = ExpenseListSectionViewModelFactoryTests.swift; path = ExpenseList/View/ViewModels/Section/ExpenseListSectionViewModelFactoryTests.swift; sourceTree = "<group>"; };
		A23AC9231FA475B600CC0352 /* NSLayoutConstraint+Spence.swift */ = {isa = PBXFileReference; lastKnownFileType = sourcecode.swift; name = "NSLayoutConstraint+Spence.swift"; path = "Extensions/NSLayoutConstraint+Spence.swift"; sourceTree = "<group>"; };
		A23AC9251FA475DF00CC0352 /* UIView+Spence.swift */ = {isa = PBXFileReference; lastKnownFileType = sourcecode.swift; name = "UIView+Spence.swift"; path = "Extensions/UIView+Spence.swift"; sourceTree = "<group>"; };
		A23AC9291FA4764300CC0352 /* Int+Spence.swift */ = {isa = PBXFileReference; lastKnownFileType = sourcecode.swift; name = "Int+Spence.swift"; path = "Extensions/Int+Spence.swift"; sourceTree = "<group>"; };
		A247BDB31FA4D10B00AF62F5 /* CircleView.swift */ = {isa = PBXFileReference; lastKnownFileType = sourcecode.swift; name = CircleView.swift; path = Modules/Overview/View/CircleView.swift; sourceTree = "<group>"; };
		A247BDB51FA4D11F00AF62F5 /* CircularProgressBar.swift */ = {isa = PBXFileReference; lastKnownFileType = sourcecode.swift; name = CircularProgressBar.swift; path = Modules/Overview/View/CircularProgressBar.swift; sourceTree = "<group>"; };
		A247BDB71FA4D2E100AF62F5 /* OverviewWireframe.swift */ = {isa = PBXFileReference; lastKnownFileType = sourcecode.swift; name = OverviewWireframe.swift; path = Modules/Overview/OverviewWireframe.swift; sourceTree = "<group>"; };
		A247BDB91FA4D96500AF62F5 /* CtaButton.swift */ = {isa = PBXFileReference; lastKnownFileType = sourcecode.swift; name = CtaButton.swift; path = Modules/Overview/View/CtaButton.swift; sourceTree = "<group>"; };
		A247BDBB1FA4E03100AF62F5 /* SpencePickerView.swift */ = {isa = PBXFileReference; lastKnownFileType = sourcecode.swift; name = SpencePickerView.swift; path = Modules/Overview/SpencePickerView.swift; sourceTree = "<group>"; };
		A247BDBD1FA4E5E100AF62F5 /* BudgetOptionsProvider.swift */ = {isa = PBXFileReference; lastKnownFileType = sourcecode.swift; name = BudgetOptionsProvider.swift; path = Modules/Overview/Models/BudgetOptionsProvider.swift; sourceTree = "<group>"; };
		A247BDC01FA4EA4D00AF62F5 /* BudgetOptionsViewModel.swift */ = {isa = PBXFileReference; lastKnownFileType = sourcecode.swift; name = BudgetOptionsViewModel.swift; path = Modules/Overview/View/ViewModels/BudgetOptions/BudgetOptionsViewModel.swift; sourceTree = "<group>"; };
		A247BDC21FA4EA9100AF62F5 /* BudgetOptionsViewModelFactory.swift */ = {isa = PBXFileReference; lastKnownFileType = sourcecode.swift; name = BudgetOptionsViewModelFactory.swift; path = Modules/Overview/View/ViewModels/BudgetOptions/BudgetOptionsViewModelFactory.swift; sourceTree = "<group>"; };
		A247BDC51FA4F0BD00AF62F5 /* HomeWireframe.swift */ = {isa = PBXFileReference; lastKnownFileType = sourcecode.swift; name = HomeWireframe.swift; path = Modules/Home/HomeWireframe.swift; sourceTree = "<group>"; };
		A247BDC81FA4F13A00AF62F5 /* HomeViewController.swift */ = {isa = PBXFileReference; lastKnownFileType = sourcecode.swift; name = HomeViewController.swift; path = Modules/Home/View/HomeViewController.swift; sourceTree = "<group>"; };
		A247BDCC1FA4FD3700AF62F5 /* ExpenseListItemCell.swift */ = {isa = PBXFileReference; lastKnownFileType = sourcecode.swift; name = ExpenseListItemCell.swift; path = Modules/ExpenseList/View/Cells/ExpenseListItemCell.swift; sourceTree = "<group>"; };
		A247BDCD1FA4FD3700AF62F5 /* ExpenseListItemCell.xib */ = {isa = PBXFileReference; lastKnownFileType = file.xib; name = ExpenseListItemCell.xib; path = Modules/ExpenseList/View/Cells/ExpenseListItemCell.xib; sourceTree = "<group>"; };
		A247BDD11FA4FEC900AF62F5 /* SectionHeaderView.swift */ = {isa = PBXFileReference; lastKnownFileType = sourcecode.swift; name = SectionHeaderView.swift; path = Modules/ExpenseList/View/SectionHeaderV/SectionHeaderView.swift; sourceTree = "<group>"; };
		A247BDD31FA4FEE800AF62F5 /* SectionHeaderView.xib */ = {isa = PBXFileReference; lastKnownFileType = file.xib; name = SectionHeaderView.xib; path = Modules/ExpenseList/View/SectionHeader/SectionHeaderView.xib; sourceTree = "<group>"; };
		A24D911C1F5ABDE40036CBEA /* ExpenseButtonCell.swift */ = {isa = PBXFileReference; fileEncoding = 4; lastKnownFileType = sourcecode.swift; name = ExpenseButtonCell.swift; path = Views/Cells/ExpenseButtonCell/ExpenseButtonCell.swift; sourceTree = "<group>"; };
		A24D911D1F5ABDE40036CBEA /* ExpenseButtonCell.xib */ = {isa = PBXFileReference; fileEncoding = 4; lastKnownFileType = file.xib; name = ExpenseButtonCell.xib; path = Views/Cells/ExpenseButtonCell/ExpenseButtonCell.xib; sourceTree = "<group>"; };
		A24D91211F5ABF140036CBEA /* Section.swift */ = {isa = PBXFileReference; fileEncoding = 4; lastKnownFileType = sourcecode.swift; name = Section.swift; path = Models/Section.swift; sourceTree = "<group>"; };
		A24D91231F5AC2E00036CBEA /* ButtonAmount.swift */ = {isa = PBXFileReference; fileEncoding = 4; lastKnownFileType = sourcecode.swift; name = ButtonAmount.swift; path = Models/ButtonAmount.swift; sourceTree = "<group>"; };
		A24D91271F5ACB890036CBEA /* EnqueuedAmountCell.swift */ = {isa = PBXFileReference; fileEncoding = 4; lastKnownFileType = sourcecode.swift; name = EnqueuedAmountCell.swift; path = Views/Cells/EnqueuedAmountCell/EnqueuedAmountCell.swift; sourceTree = "<group>"; };
		A24D91281F5ACB890036CBEA /* EnqueuedAmountCell.xib */ = {isa = PBXFileReference; fileEncoding = 4; lastKnownFileType = file.xib; name = EnqueuedAmountCell.xib; path = Views/Cells/EnqueuedAmountCell/EnqueuedAmountCell.xib; sourceTree = "<group>"; };
		A24D912B1F5AD0B90036CBEA /* CellType.swift */ = {isa = PBXFileReference; fileEncoding = 4; lastKnownFileType = sourcecode.swift; name = CellType.swift; path = Models/CellType.swift; sourceTree = "<group>"; };
		A24D912D1F5AD0F00036CBEA /* ViewModel.swift */ = {isa = PBXFileReference; fileEncoding = 4; lastKnownFileType = sourcecode.swift; name = ViewModel.swift; path = Models/ViewModel.swift; sourceTree = "<group>"; };
		A24D91351F5ADC1F0036CBEA /* ProgressBarCell.swift */ = {isa = PBXFileReference; fileEncoding = 4; lastKnownFileType = sourcecode.swift; name = ProgressBarCell.swift; path = Views/Cells/ProgressBarCell/ProgressBarCell.swift; sourceTree = "<group>"; };
		A24D91361F5ADC1F0036CBEA /* ProgressBarCell.xib */ = {isa = PBXFileReference; fileEncoding = 4; lastKnownFileType = file.xib; name = ProgressBarCell.xib; path = Views/Cells/ProgressBarCell/ProgressBarCell.xib; sourceTree = "<group>"; };
		A24D913C1F5AEC700036CBEA /* CancelButton.swift */ = {isa = PBXFileReference; fileEncoding = 4; lastKnownFileType = sourcecode.swift; name = CancelButton.swift; path = Views/CancelButtonView/CancelButton.swift; sourceTree = "<group>"; };
		A24D91411F5B092C0036CBEA /* DailyExpensesCell.swift */ = {isa = PBXFileReference; fileEncoding = 4; lastKnownFileType = sourcecode.swift; name = DailyExpensesCell.swift; path = Views/Cells/DailyExpensesCell/DailyExpensesCell.swift; sourceTree = "<group>"; };
		A24D91421F5B092C0036CBEA /* DailyExpensesCell.xib */ = {isa = PBXFileReference; fileEncoding = 4; lastKnownFileType = file.xib; name = DailyExpensesCell.xib; path = Views/Cells/DailyExpensesCell/DailyExpensesCell.xib; sourceTree = "<group>"; };
		A24D91461F5DC2930036CBEA /* Expense.swift */ = {isa = PBXFileReference; fileEncoding = 4; lastKnownFileType = sourcecode.swift; name = Expense.swift; path = Repository/Models/Expense.swift; sourceTree = "<group>"; };
		A24D91491F5DC3080036CBEA /* Currency.swift */ = {isa = PBXFileReference; fileEncoding = 4; lastKnownFileType = sourcecode.swift; name = Currency.swift; path = Repository/Models/Currency.swift; sourceTree = "<group>"; };
		A24D91561F5DC6AE0036CBEA /* ExpenseListViewController.swift */ = {isa = PBXFileReference; fileEncoding = 4; lastKnownFileType = sourcecode.swift; name = ExpenseListViewController.swift; path = Modules/ExpenseList/View/ExpenseListViewController.swift; sourceTree = "<group>"; };
		A24D91581F5DC6BB0036CBEA /* ExpenseListPresenter.swift */ = {isa = PBXFileReference; fileEncoding = 4; lastKnownFileType = sourcecode.swift; name = ExpenseListPresenter.swift; path = Modules/ExpenseList/ExpenseListPresenter.swift; sourceTree = "<group>"; };
		A24D915B1F5DC8530036CBEA /* ExpenseListItemViewModel.swift */ = {isa = PBXFileReference; fileEncoding = 4; lastKnownFileType = sourcecode.swift; name = ExpenseListItemViewModel.swift; path = Modules/ExpenseList/View/ViewModel/ExpenseListItemViewModel.swift; sourceTree = "<group>"; };
		A24D915D1F5DC8820036CBEA /* ExpenseListViewModel.swift */ = {isa = PBXFileReference; fileEncoding = 4; lastKnownFileType = sourcecode.swift; name = ExpenseListViewModel.swift; path = Modules/ExpenseList/View/ViewModel/ExpenseListViewModel.swift; sourceTree = "<group>"; };
		A24D915F1F5DC8940036CBEA /* ExpenseListSectionViewModel.swift */ = {isa = PBXFileReference; fileEncoding = 4; lastKnownFileType = sourcecode.swift; name = ExpenseListSectionViewModel.swift; path = Modules/ExpenseList/View/ViewModel/ExpenseListSectionViewModel.swift; sourceTree = "<group>"; };
		A24E6BD21FA4770F00116E44 /* Date+Spence.swift */ = {isa = PBXFileReference; lastKnownFileType = sourcecode.swift; name = "Date+Spence.swift"; path = "Extensions/Date+Spence.swift"; sourceTree = "<group>"; };
		A24E6BDA1FA47CD600116E44 /* ExpenseListItemFactoryTests.swift */ = {isa = PBXFileReference; lastKnownFileType = sourcecode.swift; name = ExpenseListItemFactoryTests.swift; path = ExpenseList/View/ViewModels/Item/ExpenseListItemFactoryTests.swift; sourceTree = "<group>"; };
		A24E6BDC1FA4899900116E44 /* ExpenseListWireframe.swift */ = {isa = PBXFileReference; lastKnownFileType = sourcecode.swift; name = ExpenseListWireframe.swift; path = Modules/ExpenseList/ExpenseListWireframe.swift; sourceTree = "<group>"; };
		A24E6BE01FA48AA700116E44 /* UIViewController+Spence.swift */ = {isa = PBXFileReference; lastKnownFileType = sourcecode.swift; name = "UIViewController+Spence.swift"; path = "Extensions/UIViewController+Spence.swift"; sourceTree = "<group>"; };
		A24E6BE41FA4902400116E44 /* ExpenseListInteractorTests.swift */ = {isa = PBXFileReference; lastKnownFileType = sourcecode.swift; name = ExpenseListInteractorTests.swift; path = ExpenseList/ExpenseListInteractorTests.swift; sourceTree = "<group>"; };
		A2670AC91F95121900E3F338 /* ExpenseListPresenterTests.swift */ = {isa = PBXFileReference; fileEncoding = 4; lastKnownFileType = sourcecode.swift; name = ExpenseListPresenterTests.swift; path = ExpenseList/ExpenseListPresenterTests.swift; sourceTree = "<group>"; };
		A2670ACB1F9514F400E3F338 /* ExpenseListInteractor.swift */ = {isa = PBXFileReference; fileEncoding = 4; lastKnownFileType = sourcecode.swift; name = ExpenseListInteractor.swift; path = Modules/ExpenseList/ExpenseListInteractor.swift; sourceTree = "<group>"; };
		A2670AD01F95239E00E3F338 /* ExpenseListItemViewModelFactory.swift */ = {isa = PBXFileReference; fileEncoding = 4; lastKnownFileType = sourcecode.swift; name = ExpenseListItemViewModelFactory.swift; path = Modules/ExpenseList/View/ViewModel/ExpenseListItemViewModelFactory.swift; sourceTree = "<group>"; };
		A2670AD21F95256700E3F338 /* ExpenseListSectionViewModelFactory.swift */ = {isa = PBXFileReference; fileEncoding = 4; lastKnownFileType = sourcecode.swift; name = ExpenseListSectionViewModelFactory.swift; path = Modules/ExpenseList/View/ViewModel/ExpenseListSectionViewModelFactory.swift; sourceTree = "<group>"; };
		A2E85CA01FA4A9C800FE648E /* OverviewPresenter.swift */ = {isa = PBXFileReference; lastKnownFileType = sourcecode.swift; name = OverviewPresenter.swift; path = Modules/Overview/OverviewPresenter.swift; sourceTree = "<group>"; };
		A2E85CA31FA4AA1100FE648E /* OverviewViewController.swift */ = {isa = PBXFileReference; lastKnownFileType = sourcecode.swift; name = OverviewViewController.swift; path = Modules/Overview/View/OverviewViewController.swift; sourceTree = "<group>"; };
		A2E85CA61FA4AAAF00FE648E /* OverviewPresenterTests.swift */ = {isa = PBXFileReference; lastKnownFileType = sourcecode.swift; name = OverviewPresenterTests.swift; path = Overview/OverviewPresenterTests.swift; sourceTree = "<group>"; };
		A2E85CA91FA4ABFD00FE648E /* OverviewData.swift */ = {isa = PBXFileReference; lastKnownFileType = sourcecode.swift; name = OverviewData.swift; path = Modules/Overview/Models/OverviewData.swift; sourceTree = "<group>"; };
		A2E85CAB1FA4AC5200FE648E /* OverviewInteractor.swift */ = {isa = PBXFileReference; lastKnownFileType = sourcecode.swift; name = OverviewInteractor.swift; path = Modules/Overview/OverviewInteractor.swift; sourceTree = "<group>"; };
		A2E85CB01FA4AE9D00FE648E /* OverviewViewModel.swift */ = {isa = PBXFileReference; lastKnownFileType = sourcecode.swift; name = OverviewViewModel.swift; path = Modules/Overview/View/ViewModels/Overview/OverviewViewModel.swift; sourceTree = "<group>"; };
		A2E85CB21FA4AEAF00FE648E /* OverviewViewModelFactory.swift */ = {isa = PBXFileReference; lastKnownFileType = sourcecode.swift; name = OverviewViewModelFactory.swift; path = Modules/Overview/View/ViewModels/Overview/OverviewViewModelFactory.swift; sourceTree = "<group>"; };
		A2E85CB71FA4AF5500FE648E /* OverviewViewModelFactoryTests.swift */ = {isa = PBXFileReference; lastKnownFileType = sourcecode.swift; name = OverviewViewModelFactoryTests.swift; path = Overview/View/ViewModel/OverviewViewModelFactoryTests.swift; sourceTree = "<group>"; };
		A2E85CB91FA4B76D00FE648E /* OverviewInteractorTests.swift */ = {isa = PBXFileReference; lastKnownFileType = sourcecode.swift; name = OverviewInteractorTests.swift; path = Overview/OverviewInteractorTests.swift; sourceTree = "<group>"; };
/* End PBXFileReference section */

/* Begin PBXFrameworksBuildPhase section */
		A209F9E51F5176F7009DE88D /* Frameworks */ = {
			isa = PBXFrameworksBuildPhase;
			buildActionMask = 2147483647;
			files = (
			);
			runOnlyForDeploymentPostprocessing = 0;
		};
		A209F9F91F5176F7009DE88D /* Frameworks */ = {
			isa = PBXFrameworksBuildPhase;
			buildActionMask = 2147483647;
			files = (
			);
			runOnlyForDeploymentPostprocessing = 0;
		};
		A209FA0C1F517778009DE88D /* Frameworks */ = {
			isa = PBXFrameworksBuildPhase;
			buildActionMask = 2147483647;
			files = (
				A209FA121F517778009DE88D /* NotificationCenter.framework in Frameworks */,
			);
			runOnlyForDeploymentPostprocessing = 0;
		};
/* End PBXFrameworksBuildPhase section */

/* Begin PBXGroup section */
		A209F9DF1F5176F7009DE88D = {
			isa = PBXGroup;
			children = (
				A209F9EA1F5176F7009DE88D /* Spence */,
				A209F9FF1F5176F7009DE88D /* SpenceTests */,
				A209FA131F517778009DE88D /* SpenceWidget */,
				A209FA101F517778009DE88D /* Frameworks */,
				A209F9E91F5176F7009DE88D /* Products */,
			);
			sourceTree = "<group>";
		};
		A209F9E91F5176F7009DE88D /* Products */ = {
			isa = PBXGroup;
			children = (
				A209F9E81F5176F7009DE88D /* Spence.app */,
				A209F9FC1F5176F7009DE88D /* SpenceTests.xctest */,
				A209FA0F1F517778009DE88D /* SpenceWidget.appex */,
			);
			name = Products;
			sourceTree = "<group>";
		};
		A209F9EA1F5176F7009DE88D /* Spence */ = {
			isa = PBXGroup;
			children = (
				A23AC9221FA4758700CC0352 /* Extensions */,
				A24D91531F5DC68E0036CBEA /* Modules */,
				A209FA231F517ADC009DE88D /* Repository */,
				A209FA221F517AA5009DE88D /* Spence.entitlements */,
				A209F9EB1F5176F7009DE88D /* AppDelegate.swift */,
				A209F9ED1F5176F7009DE88D /* ViewController.swift */,
				A209F9EF1F5176F7009DE88D /* Main.storyboard */,
				A209F9F21F5176F7009DE88D /* Assets.xcassets */,
				A209F9F41F5176F7009DE88D /* LaunchScreen.storyboard */,
				A209F9F71F5176F7009DE88D /* Info.plist */,
			);
			path = Spence;
			sourceTree = "<group>";
		};
		A209F9FF1F5176F7009DE88D /* SpenceTests */ = {
			isa = PBXGroup;
			children = (
				A24D91611F5DDC520036CBEA /* Modules */,
				A209FA271F517F03009DE88D /* Repository */,
				A209FA001F5176F7009DE88D /* SpenceTests.swift */,
				A209FA021F5176F7009DE88D /* Info.plist */,
			);
			path = SpenceTests;
			sourceTree = "<group>";
		};
		A209FA101F517778009DE88D /* Frameworks */ = {
			isa = PBXGroup;
			children = (
				A209FA111F517778009DE88D /* NotificationCenter.framework */,
			);
			name = Frameworks;
			sourceTree = "<group>";
		};
		A209FA131F517778009DE88D /* SpenceWidget */ = {
			isa = PBXGroup;
			children = (
				A24D91201F5ABF060036CBEA /* Models */,
				A24D911A1F5ABDA20036CBEA /* Views */,
				A209FA211F517A53009DE88D /* SpenceWidget.entitlements */,
				A209FA141F517778009DE88D /* TodayViewController.swift */,
				A209FA161F517778009DE88D /* MainInterface.storyboard */,
				A209FA191F517778009DE88D /* Info.plist */,
				A209FA2D1F518829009DE88D /* ProgressBar.swift */,
				A209FA321F519BF0009DE88D /* RoundButton.swift */,
				A209FA341F519FF1009DE88D /* AmountQueue.swift */,
				A209FA381F51A5C0009DE88D /* QeueTimer.swift */,
			);
			path = SpenceWidget;
			sourceTree = "<group>";
		};
		A209FA231F517ADC009DE88D /* Repository */ = {
			isa = PBXGroup;
			children = (
				A24D91451F5DC2860036CBEA /* Models */,
				A209FA241F517B06009DE88D /* LocalRepository.swift */,
				A209FA2A1F518437009DE88D /* DateProvider.swift */,
			);
			name = Repository;
			sourceTree = "<group>";
		};
		A209FA271F517F03009DE88D /* Repository */ = {
			isa = PBXGroup;
			children = (
				A209FA281F517F31009DE88D /* LocalRepositoryTests.swift */,
			);
			name = Repository;
			sourceTree = "<group>";
		};
		A23AC91E1FA4730A00CC0352 /* ViewModels */ = {
			isa = PBXGroup;
			children = (
				A24E6BD91FA47CAB00116E44 /* Item */,
				A23AC91F1FA4731B00CC0352 /* Section */,
			);
			name = ViewModels;
			sourceTree = "<group>";
		};
		A23AC91F1FA4731B00CC0352 /* Section */ = {
			isa = PBXGroup;
			children = (
				A23AC9201FA4735200CC0352 /* ExpenseListSectionViewModelFactoryTests.swift */,
			);
			name = Section;
			sourceTree = "<group>";
		};
		A23AC9221FA4758700CC0352 /* Extensions */ = {
			isa = PBXGroup;
			children = (
				A209FA2F1F51986F009DE88D /* UIColor+Spence.swift */,
				A23AC9231FA475B600CC0352 /* NSLayoutConstraint+Spence.swift */,
				A23AC9251FA475DF00CC0352 /* UIView+Spence.swift */,
				A23AC9291FA4764300CC0352 /* Int+Spence.swift */,
				A24E6BD21FA4770F00116E44 /* Date+Spence.swift */,
				A24E6BE01FA48AA700116E44 /* UIViewController+Spence.swift */,
			);
			name = Extensions;
			sourceTree = "<group>";
		};
		A247BDBF1FA4EA3500AF62F5 /* BudgetOptions */ = {
			isa = PBXGroup;
			children = (
				A247BDC01FA4EA4D00AF62F5 /* BudgetOptionsViewModel.swift */,
				A247BDC21FA4EA9100AF62F5 /* BudgetOptionsViewModelFactory.swift */,
			);
			name = BudgetOptions;
			sourceTree = "<group>";
		};
		A247BDC41FA4F09900AF62F5 /* Home */ = {
			isa = PBXGroup;
			children = (
				A247BDC71FA4F12100AF62F5 /* View */,
				A247BDC51FA4F0BD00AF62F5 /* HomeWireframe.swift */,
			);
			name = Home;
			sourceTree = "<group>";
		};
		A247BDC71FA4F12100AF62F5 /* View */ = {
			isa = PBXGroup;
			children = (
				A247BDC81FA4F13A00AF62F5 /* HomeViewController.swift */,
			);
			name = View;
			sourceTree = "<group>";
		};
		A247BDCA1FA4FD0600AF62F5 /* Cells */ = {
			isa = PBXGroup;
			children = (
				A247BDCB1FA4FD0C00AF62F5 /* ItemCell */,
			);
			name = Cells;
			sourceTree = "<group>";
		};
		A247BDCB1FA4FD0C00AF62F5 /* ItemCell */ = {
			isa = PBXGroup;
			children = (
				A247BDCC1FA4FD3700AF62F5 /* ExpenseListItemCell.swift */,
				A247BDCD1FA4FD3700AF62F5 /* ExpenseListItemCell.xib */,
			);
			name = ItemCell;
			sourceTree = "<group>";
		};
		A247BDD01FA4FE9300AF62F5 /* SectionHeader */ = {
			isa = PBXGroup;
			children = (
				A247BDD11FA4FEC900AF62F5 /* SectionHeaderView.swift */,
				A247BDD31FA4FEE800AF62F5 /* SectionHeaderView.xib */,
			);
			name = SectionHeader;
			sourceTree = "<group>";
		};
		A24D911A1F5ABDA20036CBEA /* Views */ = {
			isa = PBXGroup;
			children = (
				A24D913B1F5AEC550036CBEA /* CancelButtonView */,
				A24D911B1F5ABDA60036CBEA /* Cells */,
			);
			name = Views;
			sourceTree = "<group>";
		};
		A24D911B1F5ABDA60036CBEA /* Cells */ = {
			isa = PBXGroup;
			children = (
				A24D91401F5B090C0036CBEA /* DailyExpensesCell */,
				A24D91341F5ADC080036CBEA /* ProgressBarCell */,
				A24D91261F5ACB6A0036CBEA /* EnqueuedAmountCell */,
				A24D91251F5ACA880036CBEA /* ExpenseButtonCell */,
			);
			name = Cells;
			sourceTree = "<group>";
		};
		A24D91201F5ABF060036CBEA /* Models */ = {
			isa = PBXGroup;
			children = (
				A24D91211F5ABF140036CBEA /* Section.swift */,
				A24D91231F5AC2E00036CBEA /* ButtonAmount.swift */,
				A24D912B1F5AD0B90036CBEA /* CellType.swift */,
				A24D912D1F5AD0F00036CBEA /* ViewModel.swift */,
			);
			name = Models;
			sourceTree = "<group>";
		};
		A24D91251F5ACA880036CBEA /* ExpenseButtonCell */ = {
			isa = PBXGroup;
			children = (
				A24D911C1F5ABDE40036CBEA /* ExpenseButtonCell.swift */,
				A24D911D1F5ABDE40036CBEA /* ExpenseButtonCell.xib */,
			);
			name = ExpenseButtonCell;
			sourceTree = "<group>";
		};
		A24D91261F5ACB6A0036CBEA /* EnqueuedAmountCell */ = {
			isa = PBXGroup;
			children = (
				A24D91271F5ACB890036CBEA /* EnqueuedAmountCell.swift */,
				A24D91281F5ACB890036CBEA /* EnqueuedAmountCell.xib */,
			);
			name = EnqueuedAmountCell;
			sourceTree = "<group>";
		};
		A24D91341F5ADC080036CBEA /* ProgressBarCell */ = {
			isa = PBXGroup;
			children = (
				A24D91351F5ADC1F0036CBEA /* ProgressBarCell.swift */,
				A24D91361F5ADC1F0036CBEA /* ProgressBarCell.xib */,
			);
			name = ProgressBarCell;
			sourceTree = "<group>";
		};
		A24D913B1F5AEC550036CBEA /* CancelButtonView */ = {
			isa = PBXGroup;
			children = (
				A24D913C1F5AEC700036CBEA /* CancelButton.swift */,
			);
			name = CancelButtonView;
			sourceTree = "<group>";
		};
		A24D91401F5B090C0036CBEA /* DailyExpensesCell */ = {
			isa = PBXGroup;
			children = (
				A24D91411F5B092C0036CBEA /* DailyExpensesCell.swift */,
				A24D91421F5B092C0036CBEA /* DailyExpensesCell.xib */,
			);
			name = DailyExpensesCell;
			sourceTree = "<group>";
		};
		A24D91451F5DC2860036CBEA /* Models */ = {
			isa = PBXGroup;
			children = (
				A24D91461F5DC2930036CBEA /* Expense.swift */,
				A24D91491F5DC3080036CBEA /* Currency.swift */,
			);
			name = Models;
			sourceTree = "<group>";
		};
		A24D91531F5DC68E0036CBEA /* Modules */ = {
			isa = PBXGroup;
			children = (
				A247BDC41FA4F09900AF62F5 /* Home */,
				A2E85C9F1FA4A97A00FE648E /* Overview */,
				A24D91541F5DC6940036CBEA /* ExpenseList */,
			);
			name = Modules;
			sourceTree = "<group>";
		};
		A24D91541F5DC6940036CBEA /* ExpenseList */ = {
			isa = PBXGroup;
			children = (
				A24D91551F5DC69C0036CBEA /* View */,
				A24D91581F5DC6BB0036CBEA /* ExpenseListPresenter.swift */,
				A2670ACB1F9514F400E3F338 /* ExpenseListInteractor.swift */,
				A24E6BDC1FA4899900116E44 /* ExpenseListWireframe.swift */,
			);
			name = ExpenseList;
			sourceTree = "<group>";
		};
		A24D91551F5DC69C0036CBEA /* View */ = {
			isa = PBXGroup;
			children = (
				A247BDD01FA4FE9300AF62F5 /* SectionHeader */,
				A247BDCA1FA4FD0600AF62F5 /* Cells */,
				A24D915A1F5DC8360036CBEA /* ViewModels */,
				A24D91561F5DC6AE0036CBEA /* ExpenseListViewController.swift */,
			);
			name = View;
			sourceTree = "<group>";
		};
		A24D915A1F5DC8360036CBEA /* ViewModels */ = {
			isa = PBXGroup;
			children = (
				A2670ACF1F95237900E3F338 /* ExpenseListSection */,
				A2670ACE1F95235D00E3F338 /* ExpenseListItem */,
				A2670ACD1F95234B00E3F338 /* ExpenseList */,
			);
			name = ViewModels;
			sourceTree = "<group>";
		};
		A24D91611F5DDC520036CBEA /* Modules */ = {
			isa = PBXGroup;
			children = (
				A2E85CA51FA4AA9500FE648E /* Overview */,
				A24D91621F5DDC590036CBEA /* ExpenseList */,
			);
			name = Modules;
			sourceTree = "<group>";
		};
		A24D91621F5DDC590036CBEA /* ExpenseList */ = {
			isa = PBXGroup;
			children = (
				A24D91631F5DDC610036CBEA /* View */,
				A2670AC91F95121900E3F338 /* ExpenseListPresenterTests.swift */,
				A24E6BE41FA4902400116E44 /* ExpenseListInteractorTests.swift */,
			);
			name = ExpenseList;
			sourceTree = "<group>";
		};
		A24D91631F5DDC610036CBEA /* View */ = {
			isa = PBXGroup;
			children = (
				A23AC91E1FA4730A00CC0352 /* ViewModels */,
			);
			name = View;
			sourceTree = "<group>";
		};
		A24E6BD91FA47CAB00116E44 /* Item */ = {
			isa = PBXGroup;
			children = (
				A24E6BDA1FA47CD600116E44 /* ExpenseListItemFactoryTests.swift */,
			);
			name = Item;
			sourceTree = "<group>";
		};
		A2670ACD1F95234B00E3F338 /* ExpenseList */ = {
			isa = PBXGroup;
			children = (
				A24D915D1F5DC8820036CBEA /* ExpenseListViewModel.swift */,
			);
			name = ExpenseList;
			sourceTree = "<group>";
		};
		A2670ACE1F95235D00E3F338 /* ExpenseListItem */ = {
			isa = PBXGroup;
			children = (
				A24D915B1F5DC8530036CBEA /* ExpenseListItemViewModel.swift */,
				A2670AD01F95239E00E3F338 /* ExpenseListItemViewModelFactory.swift */,
			);
			name = ExpenseListItem;
			sourceTree = "<group>";
		};
		A2670ACF1F95237900E3F338 /* ExpenseListSection */ = {
			isa = PBXGroup;
			children = (
				A24D915F1F5DC8940036CBEA /* ExpenseListSectionViewModel.swift */,
				A2670AD21F95256700E3F338 /* ExpenseListSectionViewModelFactory.swift */,
			);
			name = ExpenseListSection;
			sourceTree = "<group>";
		};
		A2E85C9F1FA4A97A00FE648E /* Overview */ = {
			isa = PBXGroup;
			children = (
				A2E85CA81FA4ABE900FE648E /* Models */,
				A2E85CA21FA4A9FC00FE648E /* View */,
				A2E85CA01FA4A9C800FE648E /* OverviewPresenter.swift */,
				A2E85CAB1FA4AC5200FE648E /* OverviewInteractor.swift */,
				A247BDB71FA4D2E100AF62F5 /* OverviewWireframe.swift */,
			);
			name = Overview;
			sourceTree = "<group>";
		};
		A2E85CA21FA4A9FC00FE648E /* View */ = {
			isa = PBXGroup;
			children = (
				A2E85CAE1FA4AE7C00FE648E /* ViewModels */,
				A2E85CA31FA4AA1100FE648E /* OverviewViewController.swift */,
				A247BDB31FA4D10B00AF62F5 /* CircleView.swift */,
				A247BDB51FA4D11F00AF62F5 /* CircularProgressBar.swift */,
				A247BDB91FA4D96500AF62F5 /* CtaButton.swift */,
				A247BDBB1FA4E03100AF62F5 /* SpencePickerView.swift */,
			);
			name = View;
			sourceTree = "<group>";
		};
		A2E85CA51FA4AA9500FE648E /* Overview */ = {
			isa = PBXGroup;
			children = (
				A2E85CB41FA4AF2C00FE648E /* View */,
				A2E85CA61FA4AAAF00FE648E /* OverviewPresenterTests.swift */,
				A2E85CB91FA4B76D00FE648E /* OverviewInteractorTests.swift */,
			);
			name = Overview;
			sourceTree = "<group>";
		};
		A2E85CA81FA4ABE900FE648E /* Models */ = {
			isa = PBXGroup;
			children = (
				A2E85CA91FA4ABFD00FE648E /* OverviewData.swift */,
				A247BDBD1FA4E5E100AF62F5 /* BudgetOptionsProvider.swift */,
			);
			name = Models;
			sourceTree = "<group>";
		};
		A2E85CAE1FA4AE7C00FE648E /* ViewModels */ = {
			isa = PBXGroup;
			children = (
				A247BDBF1FA4EA3500AF62F5 /* BudgetOptions */,
				A2E85CAF1FA4AE8200FE648E /* Overview */,
			);
			name = ViewModels;
			sourceTree = "<group>";
		};
		A2E85CAF1FA4AE8200FE648E /* Overview */ = {
			isa = PBXGroup;
			children = (
				A2E85CB01FA4AE9D00FE648E /* OverviewViewModel.swift */,
				A2E85CB21FA4AEAF00FE648E /* OverviewViewModelFactory.swift */,
			);
			name = Overview;
			sourceTree = "<group>";
		};
		A2E85CB41FA4AF2C00FE648E /* View */ = {
			isa = PBXGroup;
			children = (
				A2E85CB51FA4AF3000FE648E /* ViewModel */,
			);
			name = View;
			sourceTree = "<group>";
		};
		A2E85CB51FA4AF3000FE648E /* ViewModel */ = {
			isa = PBXGroup;
			children = (
				A2E85CB61FA4AF3700FE648E /* Overview */,
			);
			name = ViewModel;
			sourceTree = "<group>";
		};
		A2E85CB61FA4AF3700FE648E /* Overview */ = {
			isa = PBXGroup;
			children = (
				A2E85CB71FA4AF5500FE648E /* OverviewViewModelFactoryTests.swift */,
			);
			name = Overview;
			sourceTree = "<group>";
		};
/* End PBXGroup section */

/* Begin PBXNativeTarget section */
		A209F9E71F5176F7009DE88D /* Spence */ = {
			isa = PBXNativeTarget;
			buildConfigurationList = A209FA051F5176F7009DE88D /* Build configuration list for PBXNativeTarget "Spence" */;
			buildPhases = (
				A209F9E41F5176F7009DE88D /* Sources */,
				A209F9E51F5176F7009DE88D /* Frameworks */,
				A209F9E61F5176F7009DE88D /* Resources */,
				A209FA201F517778009DE88D /* Embed App Extensions */,
			);
			buildRules = (
			);
			dependencies = (
				A209FA1B1F517778009DE88D /* PBXTargetDependency */,
			);
			name = Spence;
			productName = Spence;
			productReference = A209F9E81F5176F7009DE88D /* Spence.app */;
			productType = "com.apple.product-type.application";
		};
		A209F9FB1F5176F7009DE88D /* SpenceTests */ = {
			isa = PBXNativeTarget;
			buildConfigurationList = A209FA081F5176F7009DE88D /* Build configuration list for PBXNativeTarget "SpenceTests" */;
			buildPhases = (
				A209F9F81F5176F7009DE88D /* Sources */,
				A209F9F91F5176F7009DE88D /* Frameworks */,
				A209F9FA1F5176F7009DE88D /* Resources */,
			);
			buildRules = (
			);
			dependencies = (
				A209F9FE1F5176F7009DE88D /* PBXTargetDependency */,
			);
			name = SpenceTests;
			productName = SpenceTests;
			productReference = A209F9FC1F5176F7009DE88D /* SpenceTests.xctest */;
			productType = "com.apple.product-type.bundle.unit-test";
		};
		A209FA0E1F517778009DE88D /* SpenceWidget */ = {
			isa = PBXNativeTarget;
			buildConfigurationList = A209FA1D1F517778009DE88D /* Build configuration list for PBXNativeTarget "SpenceWidget" */;
			buildPhases = (
				A209FA0B1F517778009DE88D /* Sources */,
				A209FA0C1F517778009DE88D /* Frameworks */,
				A209FA0D1F517778009DE88D /* Resources */,
			);
			buildRules = (
			);
			dependencies = (
			);
			name = SpenceWidget;
			productName = SpenceWidget;
			productReference = A209FA0F1F517778009DE88D /* SpenceWidget.appex */;
			productType = "com.apple.product-type.app-extension";
		};
/* End PBXNativeTarget section */

/* Begin PBXProject section */
		A209F9E01F5176F7009DE88D /* Project object */ = {
			isa = PBXProject;
			attributes = {
				LastSwiftUpdateCheck = 0830;
				LastUpgradeCheck = 0830;
				ORGANIZATIONNAME = "Matteo Koczorek";
				TargetAttributes = {
					A209F9E71F5176F7009DE88D = {
						CreatedOnToolsVersion = 8.3.3;
						DevelopmentTeam = CRH98TAFEK;
						ProvisioningStyle = Automatic;
						SystemCapabilities = {
							com.apple.ApplicationGroups.iOS = {
								enabled = 1;
							};
						};
					};
					A209F9FB1F5176F7009DE88D = {
						CreatedOnToolsVersion = 8.3.3;
						ProvisioningStyle = Automatic;
						TestTargetID = A209F9E71F5176F7009DE88D;
					};
					A209FA0E1F517778009DE88D = {
						CreatedOnToolsVersion = 8.3.3;
						DevelopmentTeam = CRH98TAFEK;
						ProvisioningStyle = Automatic;
						SystemCapabilities = {
							com.apple.ApplicationGroups.iOS = {
								enabled = 1;
							};
						};
					};
				};
			};
			buildConfigurationList = A209F9E31F5176F7009DE88D /* Build configuration list for PBXProject "Spence" */;
			compatibilityVersion = "Xcode 3.2";
			developmentRegion = English;
			hasScannedForEncodings = 0;
			knownRegions = (
				en,
				Base,
			);
			mainGroup = A209F9DF1F5176F7009DE88D;
			productRefGroup = A209F9E91F5176F7009DE88D /* Products */;
			projectDirPath = "";
			projectRoot = "";
			targets = (
				A209F9E71F5176F7009DE88D /* Spence */,
				A209F9FB1F5176F7009DE88D /* SpenceTests */,
				A209FA0E1F517778009DE88D /* SpenceWidget */,
			);
		};
/* End PBXProject section */

/* Begin PBXResourcesBuildPhase section */
		A209F9E61F5176F7009DE88D /* Resources */ = {
			isa = PBXResourcesBuildPhase;
			buildActionMask = 2147483647;
			files = (
				A209F9F61F5176F7009DE88D /* LaunchScreen.storyboard in Resources */,
				A209F9F31F5176F7009DE88D /* Assets.xcassets in Resources */,
				A247BDD41FA4FEE800AF62F5 /* SectionHeaderView.xib in Resources */,
				A209F9F11F5176F7009DE88D /* Main.storyboard in Resources */,
				A247BDCF1FA4FD3700AF62F5 /* ExpenseListItemCell.xib in Resources */,
			);
			runOnlyForDeploymentPostprocessing = 0;
		};
		A209F9FA1F5176F7009DE88D /* Resources */ = {
			isa = PBXResourcesBuildPhase;
			buildActionMask = 2147483647;
			files = (
			);
			runOnlyForDeploymentPostprocessing = 0;
		};
		A209FA0D1F517778009DE88D /* Resources */ = {
			isa = PBXResourcesBuildPhase;
			buildActionMask = 2147483647;
			files = (
				A24D91381F5ADC1F0036CBEA /* ProgressBarCell.xib in Resources */,
				A209FA3A1F51BB88009DE88D /* Assets.xcassets in Resources */,
				A209FA181F517778009DE88D /* MainInterface.storyboard in Resources */,
				A24D91441F5B092C0036CBEA /* DailyExpensesCell.xib in Resources */,
				A24D911F1F5ABDE40036CBEA /* ExpenseButtonCell.xib in Resources */,
				A24D912A1F5ACB890036CBEA /* EnqueuedAmountCell.xib in Resources */,
			);
			runOnlyForDeploymentPostprocessing = 0;
		};
/* End PBXResourcesBuildPhase section */

/* Begin PBXSourcesBuildPhase section */
		A209F9E41F5176F7009DE88D /* Sources */ = {
			isa = PBXSourcesBuildPhase;
			buildActionMask = 2147483647;
			files = (
				A247BDC11FA4EA4D00AF62F5 /* BudgetOptionsViewModel.swift in Sources */,
				A24D915E1F5DC8820036CBEA /* ExpenseListViewModel.swift in Sources */,
				A24D91601F5DC8940036CBEA /* ExpenseListSectionViewModel.swift in Sources */,
				A2670ACC1F9514F400E3F338 /* ExpenseListInteractor.swift in Sources */,
				A24D915C1F5DC8530036CBEA /* ExpenseListItemViewModel.swift in Sources */,
				A24E6BDD1FA4899900116E44 /* ExpenseListWireframe.swift in Sources */,
				A209FA301F51986F009DE88D /* UIColor+Spence.swift in Sources */,
				A2E85CBB1FA4BC2B00FE648E /* ProgressBar.swift in Sources */,
				A209F9EE1F5176F7009DE88D /* ViewController.swift in Sources */,
				A247BDBC1FA4E03100AF62F5 /* SpencePickerView.swift in Sources */,
				A247BDCE1FA4FD3700AF62F5 /* ExpenseListItemCell.swift in Sources */,
				A209FA251F517B06009DE88D /* LocalRepository.swift in Sources */,
				A24E6BD31FA4770F00116E44 /* Date+Spence.swift in Sources */,
				A24D91471F5DC2930036CBEA /* Expense.swift in Sources */,
				A23AC9241FA475B600CC0352 /* NSLayoutConstraint+Spence.swift in Sources */,
				A2670AD11F95239E00E3F338 /* ExpenseListItemViewModelFactory.swift in Sources */,
				A24D91591F5DC6BB0036CBEA /* ExpenseListPresenter.swift in Sources */,
				A2E85CB11FA4AE9D00FE648E /* OverviewViewModel.swift in Sources */,
				A23AC9261FA475DF00CC0352 /* UIView+Spence.swift in Sources */,
				A247BDB41FA4D10B00AF62F5 /* CircleView.swift in Sources */,
				A2E85CAA1FA4ABFD00FE648E /* OverviewData.swift in Sources */,
				A24D91571F5DC6AE0036CBEA /* ExpenseListViewController.swift in Sources */,
				A247BDC91FA4F13A00AF62F5 /* HomeViewController.swift in Sources */,
				A247BDC31FA4EA9100AF62F5 /* BudgetOptionsViewModelFactory.swift in Sources */,
				A209FA2B1F518437009DE88D /* DateProvider.swift in Sources */,
				A2E85CB31FA4AEAF00FE648E /* OverviewViewModelFactory.swift in Sources */,
				A2670AD31F95256700E3F338 /* ExpenseListSectionViewModelFactory.swift in Sources */,
				A247BDD21FA4FEC900AF62F5 /* SectionHeaderView.swift in Sources */,
				A23AC92A1FA4764300CC0352 /* Int+Spence.swift in Sources */,
				A247BDBE1FA4E5E100AF62F5 /* BudgetOptionsProvider.swift in Sources */,
				A247BDB81FA4D2E100AF62F5 /* OverviewWireframe.swift in Sources */,
				A24E6BE11FA48AA700116E44 /* UIViewController+Spence.swift in Sources */,
				A2E85CA41FA4AA1100FE648E /* OverviewViewController.swift in Sources */,
				A2E85CA11FA4A9C800FE648E /* OverviewPresenter.swift in Sources */,
				A247BDC61FA4F0BD00AF62F5 /* HomeWireframe.swift in Sources */,
				A24D914A1F5DC3080036CBEA /* Currency.swift in Sources */,
				A209F9EC1F5176F7009DE88D /* AppDelegate.swift in Sources */,
				A2E85CAC1FA4AC5200FE648E /* OverviewInteractor.swift in Sources */,
				A247BDBA1FA4D96500AF62F5 /* CtaButton.swift in Sources */,
				A247BDB61FA4D11F00AF62F5 /* CircularProgressBar.swift in Sources */,
			);
			runOnlyForDeploymentPostprocessing = 0;
		};
		A209F9F81F5176F7009DE88D /* Sources */ = {
			isa = PBXSourcesBuildPhase;
			buildActionMask = 2147483647;
			files = (
				A209FA011F5176F7009DE88D /* SpenceTests.swift in Sources */,
				A24E6BD81FA4773D00116E44 /* UIColor+Spence.swift in Sources */,
				A2E85CB81FA4AF5500FE648E /* OverviewViewModelFactoryTests.swift in Sources */,
				A2E85CBA1FA4B76D00FE648E /* OverviewInteractorTests.swift in Sources */,
				A2E85CA71FA4AAAF00FE648E /* OverviewPresenterTests.swift in Sources */,
				A23AC9211FA4735200CC0352 /* ExpenseListSectionViewModelFactoryTests.swift in Sources */,
				A209FA291F517F31009DE88D /* LocalRepositoryTests.swift in Sources */,
				A24E6BD41FA4770F00116E44 /* Date+Spence.swift in Sources */,
				A24E6BDB1FA47CD600116E44 /* ExpenseListItemFactoryTests.swift in Sources */,
				A24E6BE21FA48AA700116E44 /* UIViewController+Spence.swift in Sources */,
				A2670ACA1F95121900E3F338 /* ExpenseListPresenterTests.swift in Sources */,
				A23AC92B1FA4764300CC0352 /* Int+Spence.swift in Sources */,
				A24E6BD61FA4773800116E44 /* UIView+Spence.swift in Sources */,
				A24E6BE51FA4902400116E44 /* ExpenseListInteractorTests.swift in Sources */,
				A24E6BD71FA4773A00116E44 /* NSLayoutConstraint+Spence.swift in Sources */,
			);
			runOnlyForDeploymentPostprocessing = 0;
		};
		A209FA0B1F517778009DE88D /* Sources */ = {
			isa = PBXSourcesBuildPhase;
			buildActionMask = 2147483647;
			files = (
				A209FA331F519BF0009DE88D /* RoundButton.swift in Sources */,
				A209FA311F519B13009DE88D /* UIColor+Spence.swift in Sources */,
				A24D911E1F5ABDE40036CBEA /* ExpenseButtonCell.swift in Sources */,
				A23AC92C1FA4764300CC0352 /* Int+Spence.swift in Sources */,
				A24D91371F5ADC1F0036CBEA /* ProgressBarCell.swift in Sources */,
				A24D914B1F5DC3BB0036CBEA /* Currency.swift in Sources */,
				A23AC9281FA4761100CC0352 /* NSLayoutConstraint+Spence.swift in Sources */,
				A24D91291F5ACB890036CBEA /* EnqueuedAmountCell.swift in Sources */,
				A24D91221F5ABF140036CBEA /* Section.swift in Sources */,
				A24D91431F5B092C0036CBEA /* DailyExpensesCell.swift in Sources */,
				A23AC9271FA4760E00CC0352 /* UIView+Spence.swift in Sources */,
				A24D91241F5AC2E00036CBEA /* ButtonAmount.swift in Sources */,
				A209FA351F519FF1009DE88D /* AmountQueue.swift in Sources */,
				A209FA261F517C2B009DE88D /* LocalRepository.swift in Sources */,
				A209FA391F51A5C0009DE88D /* QeueTimer.swift in Sources */,
				A24E6BD51FA4770F00116E44 /* Date+Spence.swift in Sources */,
				A24D912E1F5AD0F00036CBEA /* ViewModel.swift in Sources */,
				A209FA2C1F5184E6009DE88D /* DateProvider.swift in Sources */,
				A24D912C1F5AD0B90036CBEA /* CellType.swift in Sources */,
				A209FA2E1F518829009DE88D /* ProgressBar.swift in Sources */,
				A24D91481F5DC2EF0036CBEA /* Expense.swift in Sources */,
				A24D913D1F5AEC700036CBEA /* CancelButton.swift in Sources */,
				A24E6BE31FA48AA700116E44 /* UIViewController+Spence.swift in Sources */,
				A209FA151F517778009DE88D /* TodayViewController.swift in Sources */,
			);
			runOnlyForDeploymentPostprocessing = 0;
		};
/* End PBXSourcesBuildPhase section */

/* Begin PBXTargetDependency section */
		A209F9FE1F5176F7009DE88D /* PBXTargetDependency */ = {
			isa = PBXTargetDependency;
			target = A209F9E71F5176F7009DE88D /* Spence */;
			targetProxy = A209F9FD1F5176F7009DE88D /* PBXContainerItemProxy */;
		};
		A209FA1B1F517778009DE88D /* PBXTargetDependency */ = {
			isa = PBXTargetDependency;
			target = A209FA0E1F517778009DE88D /* SpenceWidget */;
			targetProxy = A209FA1A1F517778009DE88D /* PBXContainerItemProxy */;
		};
/* End PBXTargetDependency section */

/* Begin PBXVariantGroup section */
		A209F9EF1F5176F7009DE88D /* Main.storyboard */ = {
			isa = PBXVariantGroup;
			children = (
				A209F9F01F5176F7009DE88D /* Base */,
			);
			name = Main.storyboard;
			sourceTree = "<group>";
		};
		A209F9F41F5176F7009DE88D /* LaunchScreen.storyboard */ = {
			isa = PBXVariantGroup;
			children = (
				A209F9F51F5176F7009DE88D /* Base */,
			);
			name = LaunchScreen.storyboard;
			sourceTree = "<group>";
		};
		A209FA161F517778009DE88D /* MainInterface.storyboard */ = {
			isa = PBXVariantGroup;
			children = (
				A209FA171F517778009DE88D /* Base */,
			);
			name = MainInterface.storyboard;
			sourceTree = "<group>";
		};
/* End PBXVariantGroup section */

/* Begin XCBuildConfiguration section */
		A209FA031F5176F7009DE88D /* Debug */ = {
			isa = XCBuildConfiguration;
			buildSettings = {
				ALWAYS_SEARCH_USER_PATHS = NO;
				CLANG_ANALYZER_NONNULL = YES;
				CLANG_ANALYZER_NUMBER_OBJECT_CONVERSION = YES_AGGRESSIVE;
				CLANG_CXX_LANGUAGE_STANDARD = "gnu++0x";
				CLANG_CXX_LIBRARY = "libc++";
				CLANG_ENABLE_MODULES = YES;
				CLANG_ENABLE_OBJC_ARC = YES;
				CLANG_WARN_BOOL_CONVERSION = YES;
				CLANG_WARN_CONSTANT_CONVERSION = YES;
				CLANG_WARN_DIRECT_OBJC_ISA_USAGE = YES_ERROR;
				CLANG_WARN_DOCUMENTATION_COMMENTS = YES;
				CLANG_WARN_EMPTY_BODY = YES;
				CLANG_WARN_ENUM_CONVERSION = YES;
				CLANG_WARN_INFINITE_RECURSION = YES;
				CLANG_WARN_INT_CONVERSION = YES;
				CLANG_WARN_OBJC_ROOT_CLASS = YES_ERROR;
				CLANG_WARN_SUSPICIOUS_MOVE = YES;
				CLANG_WARN_UNREACHABLE_CODE = YES;
				CLANG_WARN__DUPLICATE_METHOD_MATCH = YES;
				"CODE_SIGN_IDENTITY[sdk=iphoneos*]" = "iPhone Developer";
				COPY_PHASE_STRIP = NO;
				DEBUG_INFORMATION_FORMAT = dwarf;
				ENABLE_STRICT_OBJC_MSGSEND = YES;
				ENABLE_TESTABILITY = YES;
				GCC_C_LANGUAGE_STANDARD = gnu99;
				GCC_DYNAMIC_NO_PIC = NO;
				GCC_NO_COMMON_BLOCKS = YES;
				GCC_OPTIMIZATION_LEVEL = 0;
				GCC_PREPROCESSOR_DEFINITIONS = (
					"DEBUG=1",
					"$(inherited)",
				);
				GCC_WARN_64_TO_32_BIT_CONVERSION = YES;
				GCC_WARN_ABOUT_RETURN_TYPE = YES_ERROR;
				GCC_WARN_UNDECLARED_SELECTOR = YES;
				GCC_WARN_UNINITIALIZED_AUTOS = YES_AGGRESSIVE;
				GCC_WARN_UNUSED_FUNCTION = YES;
				GCC_WARN_UNUSED_VARIABLE = YES;
				IPHONEOS_DEPLOYMENT_TARGET = 10.3;
				MTL_ENABLE_DEBUG_INFO = YES;
				ONLY_ACTIVE_ARCH = YES;
				SDKROOT = iphoneos;
				SWIFT_ACTIVE_COMPILATION_CONDITIONS = DEBUG;
				SWIFT_OPTIMIZATION_LEVEL = "-Onone";
				TARGETED_DEVICE_FAMILY = "1,2";
			};
			name = Debug;
		};
		A209FA041F5176F7009DE88D /* Release */ = {
			isa = XCBuildConfiguration;
			buildSettings = {
				ALWAYS_SEARCH_USER_PATHS = NO;
				CLANG_ANALYZER_NONNULL = YES;
				CLANG_ANALYZER_NUMBER_OBJECT_CONVERSION = YES_AGGRESSIVE;
				CLANG_CXX_LANGUAGE_STANDARD = "gnu++0x";
				CLANG_CXX_LIBRARY = "libc++";
				CLANG_ENABLE_MODULES = YES;
				CLANG_ENABLE_OBJC_ARC = YES;
				CLANG_WARN_BOOL_CONVERSION = YES;
				CLANG_WARN_CONSTANT_CONVERSION = YES;
				CLANG_WARN_DIRECT_OBJC_ISA_USAGE = YES_ERROR;
				CLANG_WARN_DOCUMENTATION_COMMENTS = YES;
				CLANG_WARN_EMPTY_BODY = YES;
				CLANG_WARN_ENUM_CONVERSION = YES;
				CLANG_WARN_INFINITE_RECURSION = YES;
				CLANG_WARN_INT_CONVERSION = YES;
				CLANG_WARN_OBJC_ROOT_CLASS = YES_ERROR;
				CLANG_WARN_SUSPICIOUS_MOVE = YES;
				CLANG_WARN_UNREACHABLE_CODE = YES;
				CLANG_WARN__DUPLICATE_METHOD_MATCH = YES;
				"CODE_SIGN_IDENTITY[sdk=iphoneos*]" = "iPhone Developer";
				COPY_PHASE_STRIP = NO;
				DEBUG_INFORMATION_FORMAT = "dwarf-with-dsym";
				ENABLE_NS_ASSERTIONS = NO;
				ENABLE_STRICT_OBJC_MSGSEND = YES;
				GCC_C_LANGUAGE_STANDARD = gnu99;
				GCC_NO_COMMON_BLOCKS = YES;
				GCC_WARN_64_TO_32_BIT_CONVERSION = YES;
				GCC_WARN_ABOUT_RETURN_TYPE = YES_ERROR;
				GCC_WARN_UNDECLARED_SELECTOR = YES;
				GCC_WARN_UNINITIALIZED_AUTOS = YES_AGGRESSIVE;
				GCC_WARN_UNUSED_FUNCTION = YES;
				GCC_WARN_UNUSED_VARIABLE = YES;
				IPHONEOS_DEPLOYMENT_TARGET = 10.3;
				MTL_ENABLE_DEBUG_INFO = NO;
				SDKROOT = iphoneos;
				SWIFT_OPTIMIZATION_LEVEL = "-Owholemodule";
				TARGETED_DEVICE_FAMILY = "1,2";
				VALIDATE_PRODUCT = YES;
			};
			name = Release;
		};
		A209FA061F5176F7009DE88D /* Debug */ = {
			isa = XCBuildConfiguration;
			buildSettings = {
				ALWAYS_EMBED_SWIFT_STANDARD_LIBRARIES = YES;
				ASSETCATALOG_COMPILER_APPICON_NAME = AppIcon;
				CODE_SIGN_ENTITLEMENTS = Spence/Spence.entitlements;
				DEVELOPMENT_TEAM = CRH98TAFEK;
				INFOPLIST_FILE = Spence/Info.plist;
				IPHONEOS_DEPLOYMENT_TARGET = 10.0;
				LD_RUNPATH_SEARCH_PATHS = "$(inherited) @executable_path/Frameworks";
				PRODUCT_BUNDLE_IDENTIFIER = com.matteo.Spence;
				PRODUCT_NAME = "$(TARGET_NAME)";
				SWIFT_VERSION = 3.0;
			};
			name = Debug;
		};
		A209FA071F5176F7009DE88D /* Release */ = {
			isa = XCBuildConfiguration;
			buildSettings = {
				ALWAYS_EMBED_SWIFT_STANDARD_LIBRARIES = YES;
				ASSETCATALOG_COMPILER_APPICON_NAME = AppIcon;
				CODE_SIGN_ENTITLEMENTS = Spence/Spence.entitlements;
				DEVELOPMENT_TEAM = CRH98TAFEK;
				INFOPLIST_FILE = Spence/Info.plist;
				IPHONEOS_DEPLOYMENT_TARGET = 10.0;
				LD_RUNPATH_SEARCH_PATHS = "$(inherited) @executable_path/Frameworks";
				PRODUCT_BUNDLE_IDENTIFIER = com.matteo.Spence;
				PRODUCT_NAME = "$(TARGET_NAME)";
				SWIFT_VERSION = 3.0;
			};
			name = Release;
		};
		A209FA091F5176F7009DE88D /* Debug */ = {
			isa = XCBuildConfiguration;
			buildSettings = {
				ALWAYS_EMBED_SWIFT_STANDARD_LIBRARIES = YES;
				BUNDLE_LOADER = "$(TEST_HOST)";
				INFOPLIST_FILE = SpenceTests/Info.plist;
				LD_RUNPATH_SEARCH_PATHS = "$(inherited) @executable_path/Frameworks @loader_path/Frameworks";
				PRODUCT_BUNDLE_IDENTIFIER = com.matteo.SpenceTests;
				PRODUCT_NAME = "$(TARGET_NAME)";
				SWIFT_VERSION = 3.0;
				TEST_HOST = "$(BUILT_PRODUCTS_DIR)/Spence.app/Spence";
			};
			name = Debug;
		};
		A209FA0A1F5176F7009DE88D /* Release */ = {
			isa = XCBuildConfiguration;
			buildSettings = {
				ALWAYS_EMBED_SWIFT_STANDARD_LIBRARIES = YES;
				BUNDLE_LOADER = "$(TEST_HOST)";
				INFOPLIST_FILE = SpenceTests/Info.plist;
				LD_RUNPATH_SEARCH_PATHS = "$(inherited) @executable_path/Frameworks @loader_path/Frameworks";
				PRODUCT_BUNDLE_IDENTIFIER = com.matteo.SpenceTests;
				PRODUCT_NAME = "$(TARGET_NAME)";
				SWIFT_VERSION = 3.0;
				TEST_HOST = "$(BUILT_PRODUCTS_DIR)/Spence.app/Spence";
			};
			name = Release;
		};
		A209FA1E1F517778009DE88D /* Debug */ = {
			isa = XCBuildConfiguration;
			buildSettings = {
				CODE_SIGN_ENTITLEMENTS = SpenceWidget/SpenceWidget.entitlements;
				DEVELOPMENT_TEAM = CRH98TAFEK;
				INFOPLIST_FILE = SpenceWidget/Info.plist;
				IPHONEOS_DEPLOYMENT_TARGET = 10.0;
				LD_RUNPATH_SEARCH_PATHS = "$(inherited) @executable_path/Frameworks @executable_path/../../Frameworks";
				PRODUCT_BUNDLE_IDENTIFIER = com.matteo.Spence.SpenceWidget;
				PRODUCT_NAME = "$(TARGET_NAME)";
				SKIP_INSTALL = YES;
				SWIFT_VERSION = 3.0;
			};
			name = Debug;
		};
		A209FA1F1F517778009DE88D /* Release */ = {
			isa = XCBuildConfiguration;
			buildSettings = {
				CODE_SIGN_ENTITLEMENTS = SpenceWidget/SpenceWidget.entitlements;
				DEVELOPMENT_TEAM = CRH98TAFEK;
				INFOPLIST_FILE = SpenceWidget/Info.plist;
				IPHONEOS_DEPLOYMENT_TARGET = 10.0;
				LD_RUNPATH_SEARCH_PATHS = "$(inherited) @executable_path/Frameworks @executable_path/../../Frameworks";
				PRODUCT_BUNDLE_IDENTIFIER = com.matteo.Spence.SpenceWidget;
				PRODUCT_NAME = "$(TARGET_NAME)";
				SKIP_INSTALL = YES;
				SWIFT_VERSION = 3.0;
			};
			name = Release;
		};
/* End XCBuildConfiguration section */

/* Begin XCConfigurationList section */
		A209F9E31F5176F7009DE88D /* Build configuration list for PBXProject "Spence" */ = {
			isa = XCConfigurationList;
			buildConfigurations = (
				A209FA031F5176F7009DE88D /* Debug */,
				A209FA041F5176F7009DE88D /* Release */,
			);
			defaultConfigurationIsVisible = 0;
			defaultConfigurationName = Release;
		};
		A209FA051F5176F7009DE88D /* Build configuration list for PBXNativeTarget "Spence" */ = {
			isa = XCConfigurationList;
			buildConfigurations = (
				A209FA061F5176F7009DE88D /* Debug */,
				A209FA071F5176F7009DE88D /* Release */,
			);
			defaultConfigurationIsVisible = 0;
			defaultConfigurationName = Release;
		};
		A209FA081F5176F7009DE88D /* Build configuration list for PBXNativeTarget "SpenceTests" */ = {
			isa = XCConfigurationList;
			buildConfigurations = (
				A209FA091F5176F7009DE88D /* Debug */,
				A209FA0A1F5176F7009DE88D /* Release */,
			);
			defaultConfigurationIsVisible = 0;
			defaultConfigurationName = Release;
		};
		A209FA1D1F517778009DE88D /* Build configuration list for PBXNativeTarget "SpenceWidget" */ = {
			isa = XCConfigurationList;
			buildConfigurations = (
				A209FA1E1F517778009DE88D /* Debug */,
				A209FA1F1F517778009DE88D /* Release */,
			);
			defaultConfigurationIsVisible = 0;
			defaultConfigurationName = Release;
		};
/* End XCConfigurationList section */
	};
	rootObject = A209F9E01F5176F7009DE88D /* Project object */;
}
